
Microsoft Visual Studio Solution File, Format Version 12.00
# Visual Studio Express 2012 for Windows Phone
Project("{FAE04EC0-301F-11D3-BF4B-00C04F79EFBC}") = "Gravity", "Gravity\Gravity\Gravity.csproj", "{968959C0-66C1-442C-A010-B6A69ED8B547}"
EndProject
Project("{96E2B04D-8817-42C6-938A-82C39BA4D311}") = "GravityContent", "Gravity\GravityContent\GravityContent.contentproj", "{BD18D752-81CA-4FDA-BB51-9950DA00D56C}"
EndProject
Project("{FAE04EC0-301F-11D3-BF4B-00C04F79EFBC}") = "Farseer Physics WP7", "..\..\..\..\Downloads\Farseer Physics Engine 3.5 Samples (1)\Farseer Physics Engine 3.5 Samples\Farseer Physics Engine 3.5\Farseer Physics WP7.csproj", "{4DA8DC0C-EC1E-4C31-8B00-9C0DB87C5D0A}"
EndProject
Global
	GlobalSection(SolutionConfigurationPlatforms) = preSolution
		Debug|Mixed Platforms = Debug|Mixed Platforms
		Debug|Windows Phone = Debug|Windows Phone
		Debug|x86 = Debug|x86
		Release|Mixed Platforms = Release|Mixed Platforms
		Release|Windows Phone = Release|Windows Phone
		Release|x86 = Release|x86
	EndGlobalSection
	GlobalSection(ProjectConfigurationPlatforms) = postSolution
		{968959C0-66C1-442C-A010-B6A69ED8B547}.Debug|Mixed Platforms.ActiveCfg = Debug|Windows Phone
		{968959C0-66C1-442C-A010-B6A69ED8B547}.Debug|Mixed Platforms.Build.0 = Debug|Windows Phone
		{968959C0-66C1-442C-A010-B6A69ED8B547}.Debug|Mixed Platforms.Deploy.0 = Debug|Windows Phone
		{968959C0-66C1-442C-A010-B6A69ED8B547}.Debug|Windows Phone.ActiveCfg = Debug|Windows Phone
		{968959C0-66C1-442C-A010-B6A69ED8B547}.Debug|Windows Phone.Build.0 = Debug|Windows Phone
		{968959C0-66C1-442C-A010-B6A69ED8B547}.Debug|Windows Phone.Deploy.0 = Debug|Windows Phone
		{968959C0-66C1-442C-A010-B6A69ED8B547}.Debug|x86.ActiveCfg = Debug|Windows Phone
		{968959C0-66C1-442C-A010-B6A69ED8B547}.Release|Mixed Platforms.ActiveCfg = Release|Windows Phone
		{968959C0-66C1-442C-A010-B6A69ED8B547}.Release|Mixed Platforms.Build.0 = Release|Windows Phone
		{968959C0-66C1-442C-A010-B6A69ED8B547}.Release|Mixed Platforms.Deploy.0 = Release|Windows Phone
		{968959C0-66C1-442C-A010-B6A69ED8B547}.Release|Windows Phone.ActiveCfg = Release|Windows Phone
		{968959C0-66C1-442C-A010-B6A69ED8B547}.Release|Windows Phone.Build.0 = Release|Windows Phone
		{968959C0-66C1-442C-A010-B6A69ED8B547}.Release|Windows Phone.Deploy.0 = Release|Windows Phone
		{968959C0-66C1-442C-A010-B6A69ED8B547}.Release|x86.ActiveCfg = Release|Windows Phone
		{BD18D752-81CA-4FDA-BB51-9950DA00D56C}.Debug|Mixed Platforms.ActiveCfg = Debug|Windows Phone
		{BD18D752-81CA-4FDA-BB51-9950DA00D56C}.Debug|Windows Phone.ActiveCfg = Debug|Windows Phone
		{BD18D752-81CA-4FDA-BB51-9950DA00D56C}.Debug|x86.ActiveCfg = Debug|Windows Phone
		{BD18D752-81CA-4FDA-BB51-9950DA00D56C}.Release|Mixed Platforms.ActiveCfg = Release|Windows Phone
		{BD18D752-81CA-4FDA-BB51-9950DA00D56C}.Release|Windows Phone.ActiveCfg = Release|Windows Phone
		{BD18D752-81CA-4FDA-BB51-9950DA00D56C}.Release|x86.ActiveCfg = Release|Windows Phone
		{4DA8DC0C-EC1E-4C31-8B00-9C0DB87C5D0A}.Debug|Mixed Platforms.ActiveCfg = Debug|Windows Phone
		{4DA8DC0C-EC1E-4C31-8B00-9C0DB87C5D0A}.Debug|Mixed Platforms.Build.0 = Debug|Windows Phone
		{4DA8DC0C-EC1E-4C31-8B00-9C0DB87C5D0A}.Debug|Windows Phone.ActiveCfg = Debug|Windows Phone
		{4DA8DC0C-EC1E-4C31-8B00-9C0DB87C5D0A}.Debug|Windows Phone.Build.0 = Debug|Windows Phone
		{4DA8DC0C-EC1E-4C31-8B00-9C0DB87C5D0A}.Debug|x86.ActiveCfg = Debug|Windows Phone
		{4DA8DC0C-EC1E-4C31-8B00-9C0DB87C5D0A}.Release|Mixed Platforms.ActiveCfg = Release|Windows Phone
		{4DA8DC0C-EC1E-4C31-8B00-9C0DB87C5D0A}.Release|Mixed Platforms.Build.0 = Release|Windows Phone
		{4DA8DC0C-EC1E-4C31-8B00-9C0DB87C5D0A}.Release|Windows Phone.ActiveCfg = Release|Windows Phone
		{4DA8DC0C-EC1E-4C31-8B00-9C0DB87C5D0A}.Release|Windows Phone.Build.0 = Release|Windows Phone
		{4DA8DC0C-EC1E-4C31-8B00-9C0DB87C5D0A}.Release|x86.ActiveCfg = Release|Windows Phone
	EndGlobalSection
	GlobalSection(SolutionProperties) = preSolution
		HideSolutionNode = FALSE
	EndGlobalSection
EndGlobal
